schema: '2.0'
stages:
  preprocess:
    cmd: python src/data/preprocess.py --input-path 
      data/raw/amazon_review_polarity_csv/train.csv --output-path data/processed
    deps:
    - path: data/raw/amazon_review_polarity_csv
      hash: md5
      md5: bcb8af3daefc982d816674b06f83d08a.dir
      size: 1761248441
      nfiles: 3
    - path: src/data/preprocess.py
      hash: md5
      md5: 0d80b3f22952ea3ac65705b4299b94ff
      size: 3087
    outs:
    - path: data/processed
      hash: md5
      md5: 7cc3cf94b7aec47e4a96511f840afab7.dir
      size: 1507098898
      nfiles: 2
  train:
    cmd: python src/models/train.py --data-path data/processed
    deps:
    - path: data/processed
      hash: md5
      md5: 7cc3cf94b7aec47e4a96511f840afab7.dir
      size: 1507098898
      nfiles: 2
    - path: src/models/train.py
      hash: md5
      md5: 061747c1e592e5de0c0898402eefdb08
      size: 6102
